
Microsoft Visual Studio Solution File, Format Version 12.00
# Visual Studio 15
VisualStudioVersion = 15.0.28307.1145
MinimumVisualStudioVersion = 10.0.40219.1
Project("{9A19103F-16F7-4668-BE54-9A1E7A4F7556}") = "BeanOofsQOLMod", "BeanOofsQOLMod.csproj", "{8619A06D-1C4D-429C-8A2F-139A228E578A}"
EndProject
Global
	GlobalSection(SolutionConfigurationPlatforms) = preSolution
		Debug|Any CPU = Debug|Any CPU
		Release|Any CPU = Release|Any CPU
	EndGlobalSection
	GlobalSection(ProjectConfigurationPlatforms) = postSolution
		{8619A06D-1C4D-429C-8A2F-139A228E578A}.Debug|Any CPU.ActiveCfg = Debug|Any CPU
		{8619A06D-1C4D-429C-8A2F-139A228E578A}.Debug|Any CPU.Build.0 = Debug|Any CPU
		{8619A06D-1C4D-429C-8A2F-139A228E578A}.Release|Any CPU.ActiveCfg = Release|Any CPU
		{8619A06D-1C4D-429C-8A2F-139A228E578A}.Release|Any CPU.Build.0 = Release|Any CPU
	EndGlobalSection
	GlobalSection(SolutionProperties) = preSolution
		HideSolutionNode = FALSE
	EndGlobalSection
	GlobalSection(ExtensibilityGlobals) = postSolution
		SolutionGuid = {FE840549-3B9B-4128-9018-AA17CADBA10C}
	EndGlobalSection
EndGlobal
